
Microsoft Visual Studio Solution File, Format Version 12.00
# Visual Studio Version 17
VisualStudioVersion = 17.0.31903.59
MinimumVisualStudioVersion = 10.0.40219.1
Project("{2150E333-8FDC-42A3-9474-1A3956D46DE8}") = "src", "src", "{38A32D0C-C096-4E3B-9F7D-23CF4BCF6DC7}"
EndProject
Project("{FAE04EC0-301F-11D3-BF4B-00C04F79EFBC}") = "AI2P.Core", "src\AI2P.Core\AI2P.Core.csproj", "{423F7FCD-022A-4FB2-B180-8BF40794A180}"
EndProject
Project("{FAE04EC0-301F-11D3-BF4B-00C04F79EFBC}") = "AI2P.Storage", "src\AI2P.Storage\AI2P.Storage.csproj", "{EB5BA8D8-59FF-47C0-90B9-26ED214A6626}"
EndProject
Project("{FAE04EC0-301F-11D3-BF4B-00C04F79EFBC}") = "AI2P.Connectors", "src\AI2P.Connectors\AI2P.Connectors.csproj", "{F78C7F57-0918-4074-8B2B-E8F4938A6A60}"
EndProject
Project("{FAE04EC0-301F-11D3-BF4B-00C04F79EFBC}") = "AI2P.UI", "src\AI2P.UI\AI2P.UI.csproj", "{C2A37E7F-94EE-4A4E-9005-5E3C41BB39BD}"
EndProject
Project("{FAE04EC0-301F-11D3-BF4B-00C04F79EFBC}") = "AI2P.Server", "src\AI2P.Server\AI2P.Server.csproj", "{BB33D624-11A8-4310-A56B-97D35286E4C6}"
EndProject
Project("{2150E333-8FDC-42A3-9474-1A3956D46DE8}") = "tests", "tests", "{F5A76FD2-7177-463D-A8FB-64333E2D5EDB}"
EndProject
Project("{FAE04EC0-301F-11D3-BF4B-00C04F79EFBC}") = "AI2P.Tests", "tests\AI2P.Tests\AI2P.Tests.csproj", "{C8F155AF-5CAD-4AA2-8C18-8AE2F9909CBA}"
EndProject
Global
	GlobalSection(SolutionConfigurationPlatforms) = preSolution
		Debug|Any CPU = Debug|Any CPU
		Release|Any CPU = Release|Any CPU
	EndGlobalSection
	GlobalSection(SolutionProperties) = preSolution
		HideSolutionNode = FALSE
	EndGlobalSection
	GlobalSection(ProjectConfigurationPlatforms) = postSolution
		{423F7FCD-022A-4FB2-B180-8BF40794A180}.Debug|Any CPU.ActiveCfg = Debug|Any CPU
		{423F7FCD-022A-4FB2-B180-8BF40794A180}.Debug|Any CPU.Build.0 = Debug|Any CPU
		{423F7FCD-022A-4FB2-B180-8BF40794A180}.Release|Any CPU.ActiveCfg = Release|Any CPU
		{423F7FCD-022A-4FB2-B180-8BF40794A180}.Release|Any CPU.Build.0 = Release|Any CPU
		{EB5BA8D8-59FF-47C0-90B9-26ED214A6626}.Debug|Any CPU.ActiveCfg = Debug|Any CPU
		{EB5BA8D8-59FF-47C0-90B9-26ED214A6626}.Debug|Any CPU.Build.0 = Debug|Any CPU
		{EB5BA8D8-59FF-47C0-90B9-26ED214A6626}.Release|Any CPU.ActiveCfg = Release|Any CPU
		{EB5BA8D8-59FF-47C0-90B9-26ED214A6626}.Release|Any CPU.Build.0 = Release|Any CPU
		{F78C7F57-0918-4074-8B2B-E8F4938A6A60}.Debug|Any CPU.ActiveCfg = Debug|Any CPU
		{F78C7F57-0918-4074-8B2B-E8F4938A6A60}.Debug|Any CPU.Build.0 = Debug|Any CPU
		{F78C7F57-0918-4074-8B2B-E8F4938A6A60}.Release|Any CPU.ActiveCfg = Release|Any CPU
		{F78C7F57-0918-4074-8B2B-E8F4938A6A60}.Release|Any CPU.Build.0 = Release|Any CPU
		{C2A37E7F-94EE-4A4E-9005-5E3C41BB39BD}.Debug|Any CPU.ActiveCfg = Debug|Any CPU
		{C2A37E7F-94EE-4A4E-9005-5E3C41BB39BD}.Debug|Any CPU.Build.0 = Debug|Any CPU
		{C2A37E7F-94EE-4A4E-9005-5E3C41BB39BD}.Release|Any CPU.ActiveCfg = Release|Any CPU
		{C2A37E7F-94EE-4A4E-9005-5E3C41BB39BD}.Release|Any CPU.Build.0 = Release|Any CPU
		{BB33D624-11A8-4310-A56B-97D35286E4C6}.Debug|Any CPU.ActiveCfg = Debug|Any CPU
		{BB33D624-11A8-4310-A56B-97D35286E4C6}.Debug|Any CPU.Build.0 = Debug|Any CPU
		{BB33D624-11A8-4310-A56B-97D35286E4C6}.Release|Any CPU.ActiveCfg = Release|Any CPU
		{BB33D624-11A8-4310-A56B-97D35286E4C6}.Release|Any CPU.Build.0 = Release|Any CPU
		{C8F155AF-5CAD-4AA2-8C18-8AE2F9909CBA}.Debug|Any CPU.ActiveCfg = Debug|Any CPU
		{C8F155AF-5CAD-4AA2-8C18-8AE2F9909CBA}.Debug|Any CPU.Build.0 = Debug|Any CPU
		{C8F155AF-5CAD-4AA2-8C18-8AE2F9909CBA}.Release|Any CPU.ActiveCfg = Release|Any CPU
		{C8F155AF-5CAD-4AA2-8C18-8AE2F9909CBA}.Release|Any CPU.Build.0 = Release|Any CPU
	EndGlobalSection
	GlobalSection(NestedProjects) = preSolution
		{423F7FCD-022A-4FB2-B180-8BF40794A180} = {38A32D0C-C096-4E3B-9F7D-23CF4BCF6DC7}
		{EB5BA8D8-59FF-47C0-90B9-26ED214A6626} = {38A32D0C-C096-4E3B-9F7D-23CF4BCF6DC7}
		{F78C7F57-0918-4074-8B2B-E8F4938A6A60} = {38A32D0C-C096-4E3B-9F7D-23CF4BCF6DC7}
		{C2A37E7F-94EE-4A4E-9005-5E3C41BB39BD} = {38A32D0C-C096-4E3B-9F7D-23CF4BCF6DC7}
		{BB33D624-11A8-4310-A56B-97D35286E4C6} = {38A32D0C-C096-4E3B-9F7D-23CF4BCF6DC7}
		{C8F155AF-5CAD-4AA2-8C18-8AE2F9909CBA} = {F5A76FD2-7177-463D-A8FB-64333E2D5EDB}
	EndGlobalSection
EndGlobal
